
Microsoft Visual Studio Solution File, Format Version 12.00
# Visual Studio 2013
VisualStudioVersion = 12.0.30501.0
MinimumVisualStudioVersion = 10.0.40219.1
Project("{FAE04EC0-301F-11D3-BF4B-00C04F79EFBC}") = "Laba1", "Laba1\Laba1.csproj", "{46FECB83-2237-4B96-9370-8AA816EEB37A}"
EndProject
Global
	GlobalSection(SolutionConfigurationPlatforms) = preSolution
		Debug|Any CPU = Debug|Any CPU
		Release|Any CPU = Release|Any CPU
	EndGlobalSection
	GlobalSection(ProjectConfigurationPlatforms) = postSolution
		{46FECB83-2237-4B96-9370-8AA816EEB37A}.Debug|Any CPU.ActiveCfg = Debug|Any CPU
		{46FECB83-2237-4B96-9370-8AA816EEB37A}.Debug|Any CPU.Build.0 = Debug|Any CPU
		{46FECB83-2237-4B96-9370-8AA816EEB37A}.Release|Any CPU.ActiveCfg = Release|Any CPU
		{46FECB83-2237-4B96-9370-8AA816EEB37A}.Release|Any CPU.Build.0 = Release|Any CPU
	EndGlobalSection
	GlobalSection(SolutionProperties) = preSolution
		HideSolutionNode = FALSE
	EndGlobalSection
EndGlobal
