
Microsoft Visual Studio Solution File, Format Version 12.00
# Visual Studio 2013
VisualStudioVersion = 12.0.31101.0
MinimumVisualStudioVersion = 10.0.40219.1
Project("{FAE04EC0-301F-11D3-BF4B-00C04F79EFBC}") = "Lab3Ex2", "Lab3Ex2\Lab3Ex2.csproj", "{BB35AE8C-FCFB-4997-81FA-1A3FDB269CFE}"
EndProject
Global
	GlobalSection(SolutionConfigurationPlatforms) = preSolution
		Debug|Any CPU = Debug|Any CPU
		Release|Any CPU = Release|Any CPU
	EndGlobalSection
	GlobalSection(ProjectConfigurationPlatforms) = postSolution
		{BB35AE8C-FCFB-4997-81FA-1A3FDB269CFE}.Debug|Any CPU.ActiveCfg = Debug|Any CPU
		{BB35AE8C-FCFB-4997-81FA-1A3FDB269CFE}.Debug|Any CPU.Build.0 = Debug|Any CPU
		{BB35AE8C-FCFB-4997-81FA-1A3FDB269CFE}.Release|Any CPU.ActiveCfg = Release|Any CPU
		{BB35AE8C-FCFB-4997-81FA-1A3FDB269CFE}.Release|Any CPU.Build.0 = Release|Any CPU
	EndGlobalSection
	GlobalSection(SolutionProperties) = preSolution
		HideSolutionNode = FALSE
	EndGlobalSection
EndGlobal
