
Microsoft Visual Studio Solution File, Format Version 12.00
# Visual Studio 2013
VisualStudioVersion = 12.0.21005.1
MinimumVisualStudioVersion = 10.0.40219.1
Project("{FAE04EC0-301F-11D3-BF4B-00C04F79EFBC}") = "Lab5Ex1", "Lab5Ex1\Lab5Ex1.csproj", "{4AF1F776-72EB-4794-95E1-230E85786EAC}"
EndProject
Global
	GlobalSection(SolutionConfigurationPlatforms) = preSolution
		Debug|Any CPU = Debug|Any CPU
		Release|Any CPU = Release|Any CPU
	EndGlobalSection
	GlobalSection(ProjectConfigurationPlatforms) = postSolution
		{4AF1F776-72EB-4794-95E1-230E85786EAC}.Debug|Any CPU.ActiveCfg = Debug|Any CPU
		{4AF1F776-72EB-4794-95E1-230E85786EAC}.Debug|Any CPU.Build.0 = Debug|Any CPU
		{4AF1F776-72EB-4794-95E1-230E85786EAC}.Release|Any CPU.ActiveCfg = Release|Any CPU
		{4AF1F776-72EB-4794-95E1-230E85786EAC}.Release|Any CPU.Build.0 = Release|Any CPU
	EndGlobalSection
	GlobalSection(SolutionProperties) = preSolution
		HideSolutionNode = FALSE
	EndGlobalSection
EndGlobal
